Microsoft Visual Studio Solution File, Format Version 12.00
# Visual Studio Version 17
VisualStudioVersion = 17.5.2.0
MinimumVisualStudioVersion = 10.0.40219.1
Project("{2150E333-8FDC-42A3-9474-1A3956D46DE8}") = "GameManagement", "GameManagement", "{43EF8A16-0488-40AC-1471-47540DC2F282}"
EndProject
Project("{2150E333-8FDC-42A3-9474-1A3956D46DE8}") = "Backend", "Backend", "{01AA51CA-920C-DB86-9B02-E4AE58F70EC8}"
EndProject
Project("{FAE04EC0-301F-11D3-BF4B-00C04F79EFBC}") = "GameManagementAPI", "GameManagement\Backend\GameManagementAPI\GameManagementAPI.csproj", "{B10D8A36-C70F-3E56-AAA5-243D69E1CCC7}"
EndProject
Global
	GlobalSection(SolutionConfigurationPlatforms) = preSolution
		Debug|Any CPU = Debug|Any CPU
		Release|Any CPU = Release|Any CPU
	EndGlobalSection
	GlobalSection(ProjectConfigurationPlatforms) = postSolution
		{B10D8A36-C70F-3E56-AAA5-243D69E1CCC7}.Debug|Any CPU.ActiveCfg = Debug|Any CPU
		{B10D8A36-C70F-3E56-AAA5-243D69E1CCC7}.Debug|Any CPU.Build.0 = Debug|Any CPU
		{B10D8A36-C70F-3E56-AAA5-243D69E1CCC7}.Release|Any CPU.ActiveCfg = Release|Any CPU
		{B10D8A36-C70F-3E56-AAA5-243D69E1CCC7}.Release|Any CPU.Build.0 = Release|Any CPU
	EndGlobalSection
	GlobalSection(SolutionProperties) = preSolution
		HideSolutionNode = FALSE
	EndGlobalSection
	GlobalSection(NestedProjects) = preSolution
		{01AA51CA-920C-DB86-9B02-E4AE58F70EC8} = {43EF8A16-0488-40AC-1471-47540DC2F282}
		{B10D8A36-C70F-3E56-AAA5-243D69E1CCC7} = {01AA51CA-920C-DB86-9B02-E4AE58F70EC8}
	EndGlobalSection
	GlobalSection(ExtensibilityGlobals) = postSolution
		SolutionGuid = {14B9439C-0133-4164-820B-E6E31182D762}
	EndGlobalSection
EndGlobal
